
Microsoft Visual Studio Solution File, Format Version 12.00
# Visual Studio Version 17
VisualStudioVersion = 17.14.36401.2 d17.14
MinimumVisualStudioVersion = 10.0.40219.1
Project("{FAE04EC0-301F-11D3-BF4B-00C04F79EFBC}") = "DAS", "DAS\DAS.csproj", "{79354665-2972-4146-98B8-BE54314EE062}"
EndProject
Global
	GlobalSection(SolutionConfigurationPlatforms) = preSolution
		Debug|Any CPU = Debug|Any CPU
		Release|Any CPU = Release|Any CPU
	EndGlobalSection
	GlobalSection(ProjectConfigurationPlatforms) = postSolution
		{79354665-2972-4146-98B8-BE54314EE062}.Debug|Any CPU.ActiveCfg = Debug|Any CPU
		{79354665-2972-4146-98B8-BE54314EE062}.Debug|Any CPU.Build.0 = Debug|Any CPU
		{79354665-2972-4146-98B8-BE54314EE062}.Release|Any CPU.ActiveCfg = Release|Any CPU
		{79354665-2972-4146-98B8-BE54314EE062}.Release|Any CPU.Build.0 = Release|Any CPU
	EndGlobalSection
	GlobalSection(SolutionProperties) = preSolution
		HideSolutionNode = FALSE
	EndGlobalSection
	GlobalSection(ExtensibilityGlobals) = postSolution
		SolutionGuid = {0ED58DB4-81CB-44FD-AE62-E328423A7E2A}
	EndGlobalSection
EndGlobal
